
Microsoft Visual Studio Solution File, Format Version 12.00
# Visual Studio 15
VisualStudioVersion = 15.0.28307.489
MinimumVisualStudioVersion = 10.0.40219.1
Project("{FAE04EC0-301F-11D3-BF4B-00C04F79EFBC}") = "RestaurantOrder", "RestaurantOrder\RestaurantOrder.csproj", "{664089FF-0269-4871-987D-414EA78CAFA6}"
EndProject
Global
	GlobalSection(SolutionConfigurationPlatforms) = preSolution
		Debug|Any CPU = Debug|Any CPU
		Release|Any CPU = Release|Any CPU
	EndGlobalSection
	GlobalSection(ProjectConfigurationPlatforms) = postSolution
		{664089FF-0269-4871-987D-414EA78CAFA6}.Debug|Any CPU.ActiveCfg = Debug|Any CPU
		{664089FF-0269-4871-987D-414EA78CAFA6}.Debug|Any CPU.Build.0 = Debug|Any CPU
		{664089FF-0269-4871-987D-414EA78CAFA6}.Release|Any CPU.ActiveCfg = Release|Any CPU
		{664089FF-0269-4871-987D-414EA78CAFA6}.Release|Any CPU.Build.0 = Release|Any CPU
	EndGlobalSection
	GlobalSection(SolutionProperties) = preSolution
		HideSolutionNode = FALSE
	EndGlobalSection
	GlobalSection(ExtensibilityGlobals) = postSolution
		SolutionGuid = {E827F41E-CB9B-44B4-8906-5128A50995E0}
	EndGlobalSection
EndGlobal
